// !$*UTF8*$!
{
	archiveVersion = 1;
	classes = {
	};
	objectVersion = 50;
	objects = {

/* Begin PBXBuildFile section */
		C1050B3026EB38CD00EDD3C0 /* AppDelegate.swift in Sources */ = {isa = PBXBuildFile; fileRef = C1050B2F26EB38CD00EDD3C0 /* AppDelegate.swift */; };
		C1050B3226EB38CD00EDD3C0 /* SceneDelegate.swift in Sources */ = {isa = PBXBuildFile; fileRef = C1050B3126EB38CD00EDD3C0 /* SceneDelegate.swift */; };
		C1050B3426EB38CD00EDD3C0 /* ViewController.swift in Sources */ = {isa = PBXBuildFile; fileRef = C1050B3326EB38CD00EDD3C0 /* ViewController.swift */; };
		C1050B3726EB38CD00EDD3C0 /* Main.storyboard in Resources */ = {isa = PBXBuildFile; fileRef = C1050B3526EB38CD00EDD3C0 /* Main.storyboard */; };
		C1050B3926EB38CF00EDD3C0 /* Assets.xcassets in Resources */ = {isa = PBXBuildFile; fileRef = C1050B3826EB38CF00EDD3C0 /* Assets.xcassets */; };
		C1050B3C26EB38CF00EDD3C0 /* LaunchScreen.storyboard in Resources */ = {isa = PBXBuildFile; fileRef = C1050B3A26EB38CF00EDD3C0 /* LaunchScreen.storyboard */; };
		C1050B4C26EB81D400EDD3C0 /* Plane.swift in Sources */ = {isa = PBXBuildFile; fileRef = C1050B4B26EB81D400EDD3C0 /* Plane.swift */; };
		C1050B4E26EB845100EDD3C0 /* TableViewCell.swift in Sources */ = {isa = PBXBuildFile; fileRef = C1050B4D26EB845100EDD3C0 /* TableViewCell.swift */; };
		C1050B5226EB8A4D00EDD3C0 /* ViewModel.swift in Sources */ = {isa = PBXBuildFile; fileRef = C1050B5126EB8A4D00EDD3C0 /* ViewModel.swift */; };
		C1050B5426EB964900EDD3C0 /* TableViewViewModelType.swift in Sources */ = {isa = PBXBuildFile; fileRef = C1050B5326EB964900EDD3C0 /* TableViewViewModelType.swift */; };
		C1050B5826EBA8D800EDD3C0 /* TableViewCellViewModelType.swift in Sources */ = {isa = PBXBuildFile; fileRef = C1050B5726EBA8D800EDD3C0 /* TableViewCellViewModelType.swift */; };
		C1050B5A26EBAA1800EDD3C0 /* TableViewCellViewModel.swift in Sources */ = {isa = PBXBuildFile; fileRef = C1050B5926EBAA1800EDD3C0 /* TableViewCellViewModel.swift */; };
/* End PBXBuildFile section */

/* Begin PBXFileReference section */
		C1050B2C26EB38CD00EDD3C0 /* MVVMPractice.app */ = {isa = PBXFileReference; explicitFileType = wrapper.application; includeInIndex = 0; path = MVVMPractice.app; sourceTree = BUILT_PRODUCTS_DIR; };
		C1050B2F26EB38CD00EDD3C0 /* AppDelegate.swift */ = {isa = PBXFileReference; lastKnownFileType = sourcecode.swift; path = AppDelegate.swift; sourceTree = "<group>"; };
		C1050B3126EB38CD00EDD3C0 /* SceneDelegate.swift */ = {isa = PBXFileReference; lastKnownFileType = sourcecode.swift; path = SceneDelegate.swift; sourceTree = "<group>"; };
		C1050B3326EB38CD00EDD3C0 /* ViewController.swift */ = {isa = PBXFileReference; lastKnownFileType = sourcecode.swift; path = ViewController.swift; sourceTree = "<group>"; };
		C1050B3626EB38CD00EDD3C0 /* Base */ = {isa = PBXFileReference; lastKnownFileType = file.storyboard; name = Base; path = Base.lproj/Main.storyboard; sourceTree = "<group>"; };
		C1050B3826EB38CF00EDD3C0 /* Assets.xcassets */ = {isa = PBXFileReference; lastKnownFileType = folder.assetcatalog; path = Assets.xcassets; sourceTree = "<group>"; };
		C1050B3B26EB38CF00EDD3C0 /* Base */ = {isa = PBXFileReference; lastKnownFileType = file.storyboard; name = Base; path = Base.lproj/LaunchScreen.storyboard; sourceTree = "<group>"; };
		C1050B3D26EB38CF00EDD3C0 /* Info.plist */ = {isa = PBXFileReference; lastKnownFileType = text.plist.xml; path = Info.plist; sourceTree = "<group>"; };
		C1050B4B26EB81D400EDD3C0 /* Plane.swift */ = {isa = PBXFileReference; lastKnownFileType = sourcecode.swift; path = Plane.swift; sourceTree = "<group>"; };
		C1050B4D26EB845100EDD3C0 /* TableViewCell.swift */ = {isa = PBXFileReference; lastKnownFileType = sourcecode.swift; path = TableViewCell.swift; sourceTree = "<group>"; };
		C1050B5126EB8A4D00EDD3C0 /* ViewModel.swift */ = {isa = PBXFileReference; lastKnownFileType = sourcecode.swift; path = ViewModel.swift; sourceTree = "<group>"; };
		C1050B5326EB964900EDD3C0 /* TableViewViewModelType.swift */ = {isa = PBXFileReference; lastKnownFileType = sourcecode.swift; path = TableViewViewModelType.swift; sourceTree = "<group>"; };
		C1050B5726EBA8D800EDD3C0 /* TableViewCellViewModelType.swift */ = {isa = PBXFileReference; lastKnownFileType = sourcecode.swift; path = TableViewCellViewModelType.swift; sourceTree = "<group>"; };
		C1050B5926EBAA1800EDD3C0 /* TableViewCellViewModel.swift */ = {isa = PBXFileReference; lastKnownFileType = sourcecode.swift; path = TableViewCellViewModel.swift; sourceTree = "<group>"; };
/* End PBXFileReference section */

/* Begin PBXFrameworksBuildPhase section */
		C1050B2926EB38CD00EDD3C0 /* Frameworks */ = {
			isa = PBXFrameworksBuildPhase;
			buildActionMask = 2147483647;
			files = (
			);
			runOnlyForDeploymentPostprocessing = 0;
		};
/* End PBXFrameworksBuildPhase section */

/* Begin PBXGroup section */
		C1050B2326EB38CD00EDD3C0 = {
			isa = PBXGroup;
			children = (
				C1050B2E26EB38CD00EDD3C0 /* MVVMPractice */,
				C1050B2D26EB38CD00EDD3C0 /* Products */,
			);
			sourceTree = "<group>";
		};
		C1050B2D26EB38CD00EDD3C0 /* Products */ = {
			isa = PBXGroup;
			children = (
				C1050B2C26EB38CD00EDD3C0 /* MVVMPractice.app */,
			);
			name = Products;
			sourceTree = "<group>";
		};
		C1050B2E26EB38CD00EDD3C0 /* MVVMPractice */ = {
			isa = PBXGroup;
			children = (
				C1050B2F26EB38CD00EDD3C0 /* AppDelegate.swift */,
				C1050B3126EB38CD00EDD3C0 /* SceneDelegate.swift */,
				C1050B5626EB96AC00EDD3C0 /* ViewModel */,
				C1050B5526EB966E00EDD3C0 /* Protocols */,
				C1050B4F26EB874C00EDD3C0 /* View */,
				C1050B5026EB875500EDD3C0 /* Model */,
				C1050B3526EB38CD00EDD3C0 /* Main.storyboard */,
				C1050B3826EB38CF00EDD3C0 /* Assets.xcassets */,
				C1050B3A26EB38CF00EDD3C0 /* LaunchScreen.storyboard */,
				C1050B3D26EB38CF00EDD3C0 /* Info.plist */,
			);
			path = MVVMPractice;
			sourceTree = "<group>";
		};
		C1050B4F26EB874C00EDD3C0 /* View */ = {
			isa = PBXGroup;
			children = (
				C1050B3326EB38CD00EDD3C0 /* ViewController.swift */,
				C1050B4D26EB845100EDD3C0 /* TableViewCell.swift */,
			);
			path = View;
			sourceTree = "<group>";
		};
		C1050B5026EB875500EDD3C0 /* Model */ = {
			isa = PBXGroup;
			children = (
				C1050B4B26EB81D400EDD3C0 /* Plane.swift */,
			);
			path = Model;
			sourceTree = "<group>";
		};
		C1050B5526EB966E00EDD3C0 /* Protocols */ = {
			isa = PBXGroup;
			children = (
				C1050B5326EB964900EDD3C0 /* TableViewViewModelType.swift */,
				C1050B5726EBA8D800EDD3C0 /* TableViewCellViewModelType.swift */,
			);
			path = Protocols;
			sourceTree = "<group>";
		};
		C1050B5626EB96AC00EDD3C0 /* ViewModel */ = {
			isa = PBXGroup;
			children = (
				C1050B5126EB8A4D00EDD3C0 /* ViewModel.swift */,
				C1050B5926EBAA1800EDD3C0 /* TableViewCellViewModel.swift */,
			);
			path = ViewModel;
			sourceTree = "<group>";
		};
/* End PBXGroup section */

/* Begin PBXNativeTarget section */
		C1050B2B26EB38CD00EDD3C0 /* MVVMPractice */ = {
			isa = PBXNativeTarget;
			buildConfigurationList = C1050B4026EB38CF00EDD3C0 /* Build configuration list for PBXNativeTarget "MVVMPractice" */;
			buildPhases = (
				C1050B2826EB38CD00EDD3C0 /* Sources */,
				C1050B2926EB38CD00EDD3C0 /* Frameworks */,
				C1050B2A26EB38CD00EDD3C0 /* Resources */,
			);
			buildRules = (
			);
			dependencies = (
			);
			name = MVVMPractice;
			productName = MVVMPractice;
			productReference = C1050B2C26EB38CD00EDD3C0 /* MVVMPractice.app */;
			productType = "com.apple.product-type.application";
		};
/* End PBXNativeTarget section */

/* Begin PBXProject section */
		C1050B2426EB38CD00EDD3C0 /* Project object */ = {
			isa = PBXProject;
			attributes = {
				LastSwiftUpdateCheck = 1250;
				LastUpgradeCheck = 1250;
				TargetAttributes = {
					C1050B2B26EB38CD00EDD3C0 = {
						CreatedOnToolsVersion = 12.5.1;
					};
				};
			};
			buildConfigurationList = C1050B2726EB38CD00EDD3C0 /* Build configuration list for PBXProject "MVVMPractice" */;
			compatibilityVersion = "Xcode 9.3";
			developmentRegion = en;
			hasScannedForEncodings = 0;
			knownRegions = (
				en,
				Base,
			);
			mainGroup = C1050B2326EB38CD00EDD3C0;
			productRefGroup = C1050B2D26EB38CD00EDD3C0 /* Products */;
			projectDirPath = "";
			projectRoot = "";
			targets = (
				C1050B2B26EB38CD00EDD3C0 /* MVVMPractice */,
			);
		};
/* End PBXProject section */

/* Begin PBXResourcesBuildPhase section */
		C1050B2A26EB38CD00EDD3C0 /* Resources */ = {
			isa = PBXResourcesBuildPhase;
			buildActionMask = 2147483647;
			files = (
				C1050B3C26EB38CF00EDD3C0 /* LaunchScreen.storyboard in Resources */,
				C1050B3926EB38CF00EDD3C0 /* Assets.xcassets in Resources */,
				C1050B3726EB38CD00EDD3C0 /* Main.storyboard in Resources */,
			);
			runOnlyForDeploymentPostprocessing = 0;
		};
/* End PBXResourcesBuildPhase section */

/* Begin PBXSourcesBuildPhase section */
		C1050B2826EB38CD00EDD3C0 /* Sources */ = {
			isa = PBXSourcesBuildPhase;
			buildActionMask = 2147483647;
			files = (
				C1050B5826EBA8D800EDD3C0 /* TableViewCellViewModelType.swift in Sources */,
				C1050B4E26EB845100EDD3C0 /* TableViewCell.swift in Sources */,
				C1050B3426EB38CD00EDD3C0 /* ViewController.swift in Sources */,
				C1050B3026EB38CD00EDD3C0 /* AppDelegate.swift in Sources */,
				C1050B4C26EB81D400EDD3C0 /* Plane.swift in Sources */,
				C1050B5426EB964900EDD3C0 /* TableViewViewModelType.swift in Sources */,
				C1050B5A26EBAA1800EDD3C0 /* TableViewCellViewModel.swift in Sources */,
				C1050B5226EB8A4D00EDD3C0 /* ViewModel.swift in Sources */,
				C1050B3226EB38CD00EDD3C0 /* SceneDelegate.swift in Sources */,
			);
			runOnlyForDeploymentPostprocessing = 0;
		};
/* End PBXSourcesBuildPhase section */

/* Begin PBXVariantGroup section */
		C1050B3526EB38CD00EDD3C0 /* Main.storyboard */ = {
			isa = PBXVariantGroup;
			children = (
				C1050B3626EB38CD00EDD3C0 /* Base */,
			);
			name = Main.storyboard;
			sourceTree = "<group>";
		};
		C1050B3A26EB38CF00EDD3C0 /* LaunchScreen.storyboard */ = {
			isa = PBXVariantGroup;
			children = (
				C1050B3B26EB38CF00EDD3C0 /* Base */,
			);
			name = LaunchScreen.storyboard;
			sourceTree = "<group>";
		};
/* End PBXVariantGroup section */

/* Begin XCBuildConfiguration section */
		C1050B3E26EB38CF00EDD3C0 /* Debug */ = {
			isa = XCBuildConfiguration;
			buildSettings = {
				ALWAYS_SEARCH_USER_PATHS = NO;
				CLANG_ANALYZER_NONNULL = YES;
				CLANG_ANALYZER_NUMBER_OBJECT_CONVERSION = YES_AGGRESSIVE;
				CLANG_CXX_LANGUAGE_STANDARD = "gnu++14";
				CLANG_CXX_LIBRARY = "libc++";
				CLANG_ENABLE_MODULES = YES;
				CLANG_ENABLE_OBJC_ARC = YES;
				CLANG_ENABLE_OBJC_WEAK = YES;
				CLANG_WARN_BLOCK_CAPTURE_AUTORELEASING = YES;
				CLANG_WARN_BOOL_CONVERSION = YES;
				CLANG_WARN_COMMA = YES;
				CLANG_WARN_CONSTANT_CONVERSION = YES;
				CLANG_WARN_DEPRECATED_OBJC_IMPLEMENTATIONS = YES;
				CLANG_WARN_DIRECT_OBJC_ISA_USAGE = YES_ERROR;
				CLANG_WARN_DOCUMENTATION_COMMENTS = YES;
				CLANG_WARN_EMPTY_BODY = YES;
				CLANG_WARN_ENUM_CONVERSION = YES;
				CLANG_WARN_INFINITE_RECURSION = YES;
				CLANG_WARN_INT_CONVERSION = YES;
				CLANG_WARN_NON_LITERAL_NULL_CONVERSION = YES;
				CLANG_WARN_OBJC_IMPLICIT_RETAIN_SELF = YES;
				CLANG_WARN_OBJC_LITERAL_CONVERSION = YES;
				CLANG_WARN_OBJC_ROOT_CLASS = YES_ERROR;
				CLANG_WARN_QUOTED_INCLUDE_IN_FRAMEWORK_HEADER = YES;
				CLANG_WARN_RANGE_LOOP_ANALYSIS = YES;
				CLANG_WARN_STRICT_PROTOTYPES = YES;
				CLANG_WARN_SUSPICIOUS_MOVE = YES;
				CLANG_WARN_UNGUARDED_AVAILABILITY = YES_AGGRESSIVE;
				CLANG_WARN_UNREACHABLE_CODE = YES;
				CLANG_WARN__DUPLICATE_METHOD_MATCH = YES;
				COPY_PHASE_STRIP = NO;
				DEBUG_INFORMATION_FORMAT = dwarf;
				ENABLE_STRICT_OBJC_MSGSEND = YES;
				ENABLE_TESTABILITY = YES;
				GCC_C_LANGUAGE_STANDARD = gnu11;
				GCC_DYNAMIC_NO_PIC = NO;
				GCC_NO_COMMON_BLOCKS = YES;
				GCC_OPTIMIZATION_LEVEL = 0;
				GCC_PREPROCESSOR_DEFINITIONS = (
					"DEBUG=1",
					"$(inherited)",
				);
				GCC_WARN_64_TO_32_BIT_CONVERSION = YES;
				GCC_WARN_ABOUT_RETURN_TYPE = YES_ERROR;
				GCC_WARN_UNDECLARED_SELECTOR = YES;
				GCC_WARN_UNINITIALIZED_AUTOS = YES_AGGRESSIVE;
				GCC_WARN_UNUSED_FUNCTION = YES;
				GCC_WARN_UNUSED_VARIABLE = YES;
				IPHONEOS_DEPLOYMENT_TARGET = 14.5;
				MTL_ENABLE_DEBUG_INFO = INCLUDE_SOURCE;
				MTL_FAST_MATH = YES;
				ONLY_ACTIVE_ARCH = YES;
				SDKROOT = iphoneos;
				SWIFT_ACTIVE_COMPILATION_CONDITIONS = DEBUG;
				SWIFT_OPTIMIZATION_LEVEL = "-Onone";
			};
			name = Debug;
		};
		C1050B3F26EB38CF00EDD3C0 /* Release */ = {
			isa = XCBuildConfiguration;
			buildSettings = {
				ALWAYS_SEARCH_USER_PATHS = NO;
				CLANG_ANALYZER_NONNULL = YES;
				CLANG_ANALYZER_NUMBER_OBJECT_CONVERSION = YES_AGGRESSIVE;
				CLANG_CXX_LANGUAGE_STANDARD = "gnu++14";
				CLANG_CXX_LIBRARY = "libc++";
				CLANG_ENABLE_MODULES = YES;
				CLANG_ENABLE_OBJC_ARC = YES;
				CLANG_ENABLE_OBJC_WEAK = YES;
				CLANG_WARN_BLOCK_CAPTURE_AUTORELEASING = YES;
				CLANG_WARN_BOOL_CONVERSION = YES;
				CLANG_WARN_COMMA = YES;
				CLANG_WARN_CONSTANT_CONVERSION = YES;
				CLANG_WARN_DEPRECATED_OBJC_IMPLEMENTATIONS = YES;
				CLANG_WARN_DIRECT_OBJC_ISA_USAGE = YES_ERROR;
				CLANG_WARN_DOCUMENTATION_COMMENTS = YES;
				CLANG_WARN_EMPTY_BODY = YES;
				CLANG_WARN_ENUM_CONVERSION = YES;
				CLANG_WARN_INFINITE_RECURSION = YES;
				CLANG_WARN_INT_CONVERSION = YES;
				CLANG_WARN_NON_LITERAL_NULL_CONVERSION = YES;
				CLANG_WARN_OBJC_IMPLICIT_RETAIN_SELF = YES;
				CLANG_WARN_OBJC_LITERAL_CONVERSION = YES;
				CLANG_WARN_OBJC_ROOT_CLASS = YES_ERROR;
				CLANG_WARN_QUOTED_INCLUDE_IN_FRAMEWORK_HEADER = YES;
				CLANG_WARN_RANGE_LOOP_ANALYSIS = YES;
				CLANG_WARN_STRICT_PROTOTYPES = YES;
				CLANG_WARN_SUSPICIOUS_MOVE = YES;
				CLANG_WARN_UNGUARDED_AVAILABILITY = YES_AGGRESSIVE;
				CLANG_WARN_UNREACHABLE_CODE = YES;
				CLANG_WARN__DUPLICATE_METHOD_MATCH = YES;
				COPY_PHASE_STRIP = NO;
				DEBUG_INFORMATION_FORMAT = "dwarf-with-dsym";
				ENABLE_NS_ASSERTIONS = NO;
				ENABLE_STRICT_OBJC_MSGSEND = YES;
				GCC_C_LANGUAGE_STANDARD = gnu11;
				GCC_NO_COMMON_BLOCKS = YES;
				GCC_WARN_64_TO_32_BIT_CONVERSION = YES;
				GCC_WARN_ABOUT_RETURN_TYPE = YES_ERROR;
				GCC_WARN_UNDECLARED_SELECTOR = YES;
				GCC_WARN_UNINITIALIZED_AUTOS = YES_AGGRESSIVE;
				GCC_WARN_UNUSED_FUNCTION = YES;
				GCC_WARN_UNUSED_VARIABLE = YES;
				IPHONEOS_DEPLOYMENT_TARGET = 14.5;
				MTL_ENABLE_DEBUG_INFO = NO;
				MTL_FAST_MATH = YES;
				SDKROOT = iphoneos;
				SWIFT_COMPILATION_MODE = wholemodule;
				SWIFT_OPTIMIZATION_LEVEL = "-O";
				VALIDATE_PRODUCT = YES;
			};
			name = Release;
		};
		C1050B4126EB38CF00EDD3C0 /* Debug */ = {
			isa = XCBuildConfiguration;
			buildSettings = {
				ASSETCATALOG_COMPILER_APPICON_NAME = AppIcon;
				ASSETCATALOG_COMPILER_GLOBAL_ACCENT_COLOR_NAME = AccentColor;
				CODE_SIGN_STYLE = Automatic;
				DEVELOPMENT_TEAM = DS3Z54QGNB;
				INFOPLIST_FILE = MVVMPractice/Info.plist;
				LD_RUNPATH_SEARCH_PATHS = (
					"$(inherited)",
					"@executable_path/Frameworks",
				);
				PRODUCT_BUNDLE_IDENTIFIER = com.julia117.MVVMPractice;
				PRODUCT_NAME = "$(TARGET_NAME)";
				SWIFT_VERSION = 5.0;
				TARGETED_DEVICE_FAMILY = "1,2";
			};
			name = Debug;
		};
		C1050B4226EB38CF00EDD3C0 /* Release */ = {
			isa = XCBuildConfiguration;
			buildSettings = {
				ASSETCATALOG_COMPILER_APPICON_NAME = AppIcon;
				ASSETCATALOG_COMPILER_GLOBAL_ACCENT_COLOR_NAME = AccentColor;
				CODE_SIGN_STYLE = Automatic;
				DEVELOPMENT_TEAM = DS3Z54QGNB;
				INFOPLIST_FILE = MVVMPractice/Info.plist;
				LD_RUNPATH_SEARCH_PATHS = (
					"$(inherited)",
					"@executable_path/Frameworks",
				);
				PRODUCT_BUNDLE_IDENTIFIER = com.julia117.MVVMPractice;
				PRODUCT_NAME = "$(TARGET_NAME)";
				SWIFT_VERSION = 5.0;
				TARGETED_DEVICE_FAMILY = "1,2";
			};
			name = Release;
		};
/* End XCBuildConfiguration section */

/* Begin XCConfigurationList section */
		C1050B2726EB38CD00EDD3C0 /* Build configuration list for PBXProject "MVVMPractice" */ = {
			isa = XCConfigurationList;
			buildConfigurations = (
				C1050B3E26EB38CF00EDD3C0 /* Debug */,
				C1050B3F26EB38CF00EDD3C0 /* Release */,
			);
			defaultConfigurationIsVisible = 0;
			defaultConfigurationName = Release;
		};
		C1050B4026EB38CF00EDD3C0 /* Build configuration list for PBXNativeTarget "MVVMPractice" */ = {
			isa = XCConfigurationList;
			buildConfigurations = (
				C1050B4126EB38CF00EDD3C0 /* Debug */,
				C1050B4226EB38CF00EDD3C0 /* Release */,
			);
			defaultConfigurationIsVisible = 0;
			defaultConfigurationName = Release;
		};
/* End XCConfigurationList section */
	};
	rootObject = C1050B2426EB38CD00EDD3C0 /* Project object */;
}
